// !$*UTF8*$!
{
	archiveVersion = 1;
	classes = {
	};
	objectVersion = 46;
	objects = {

/* Begin PBXBuildFile section */
		4975AB1C1EFCA8A5003018B3 /* main.c in Sources */ = {isa = PBXBuildFile; fileRef = 4975AB1B1EFCA8A5003018B3 /* main.c */; };
/* End PBXBuildFile section */

/* Begin PBXCopyFilesBuildPhase section */
		4975AB161EFCA8A5003018B3 /* CopyFiles */ = {
			isa = PBXCopyFilesBuildPhase;
			buildActionMask = 2147483647;
			dstPath = /usr/share/man/man1/;
			dstSubfolderSpec = 0;
			files = (
			);
			runOnlyForDeploymentPostprocessing = 1;
		};
/* End PBXCopyFilesBuildPhase section */

/* Begin PBXFileReference section */
		4975AB181EFCA8A5003018B3 /* c练习实例97 */ = {isa = PBXFileReference; explicitFileType = "compiled.mach-o.executable"; includeInIndex = 0; path = "c练习实例97"; sourceTree = BUILT_PRODUCTS_DIR; };
		4975AB1B1EFCA8A5003018B3 /* main.c */ = {isa = PBXFileReference; lastKnownFileType = sourcecode.c.c; path = main.c; sourceTree = "<group>"; };
/* End PBXFileReference section */

/* Begin PBXFrameworksBuildPhase section */
		4975AB151EFCA8A5003018B3 /* Frameworks */ = {
			isa = PBXFrameworksBuildPhase;
			buildActionMask = 2147483647;
			files = (
			);
			runOnlyForDeploymentPostprocessing = 0;
		};
/* End PBXFrameworksBuildPhase section */

/* Begin PBXGroup section */
		4975AB0F1EFCA8A5003018B3 = {
			isa = PBXGroup;
			children = (
				4975AB1A1EFCA8A5003018B3 /* c练习实例97 */,
				4975AB191EFCA8A5003018B3 /* Products */,
			);
			sourceTree = "<group>";
		};
		4975AB191EFCA8A5003018B3 /* Products */ = {
			isa = PBXGroup;
			children = (
				4975AB181EFCA8A5003018B3 /* c练习实例97 */,
			);
			name = Products;
			sourceTree = "<group>";
		};
		4975AB1A1EFCA8A5003018B3 /* c练习实例97 */ = {
			isa = PBXGroup;
			children = (
				4975AB1B1EFCA8A5003018B3 /* main.c */,
			);
			path = "c练习实例97";
			sourceTree = "<group>";
		};
/* End PBXGroup section */

/* Begin PBXNativeTarget section */
		4975AB171EFCA8A5003018B3 /* c练习实例97 */ = {
			isa = PBXNativeTarget;
			buildConfigurationList = 4975AB1F1EFCA8A5003018B3 /* Build configuration list for PBXNativeTarget "c练习实例97" */;
			buildPhases = (
				4975AB141EFCA8A5003018B3 /* Sources */,
				4975AB151EFCA8A5003018B3 /* Frameworks */,
				4975AB161EFCA8A5003018B3 /* CopyFiles */,
			);
			buildRules = (
			);
			dependencies = (
			);
			name = "c练习实例97";
			productName = "c练习实例97";
			productReference = 4975AB181EFCA8A5003018B3 /* c练习实例97 */;
			productType = "com.apple.product-type.tool";
		};
/* End PBXNativeTarget section */

/* Begin PBXProject section */
		4975AB101EFCA8A5003018B3 /* Project object */ = {
			isa = PBXProject;
			attributes = {
				LastUpgradeCheck = 0830;
				ORGANIZATIONNAME = yibuyimiao;
				TargetAttributes = {
					4975AB171EFCA8A5003018B3 = {
						CreatedOnToolsVersion = 8.3.3;
						DevelopmentTeam = 3L99Q7H8MX;
						ProvisioningStyle = Automatic;
					};
				};
			};
			buildConfigurationList = 4975AB131EFCA8A5003018B3 /* Build configuration list for PBXProject "c练习实例97" */;
			compatibilityVersion = "Xcode 3.2";
			developmentRegion = English;
			hasScannedForEncodings = 0;
			knownRegions = (
				en,
			);
			mainGroup = 4975AB0F1EFCA8A5003018B3;
			productRefGroup = 4975AB191EFCA8A5003018B3 /* Products */;
			projectDirPath = "";
			projectRoot = "";
			targets = (
				4975AB171EFCA8A5003018B3 /* c练习实例97 */,
			);
		};
/* End PBXProject section */

/* Begin PBXSourcesBuildPhase section */
		4975AB141EFCA8A5003018B3 /* Sources */ = {
			isa = PBXSourcesBuildPhase;
			buildActionMask = 2147483647;
			files = (
				4975AB1C1EFCA8A5003018B3 /* main.c in Sources */,
			);
			runOnlyForDeploymentPostprocessing = 0;
		};
/* End PBXSourcesBuildPhase section */

/* Begin XCBuildConfiguration section */
		4975AB1D1EFCA8A5003018B3 /* Debug */ = {
			isa = XCBuildConfiguration;
			buildSettings = {
				ALWAYS_SEARCH_USER_PATHS = NO;
				CLANG_ANALYZER_NONNULL = YES;
				CLANG_ANALYZER_NUMBER_OBJECT_CONVERSION = YES_AGGRESSIVE;
				CLANG_CXX_LANGUAGE_STANDARD = "gnu++0x";
				CLANG_CXX_LIBRARY = "libc++";
				CLANG_ENABLE_MODULES = YES;
				CLANG_ENABLE_OBJC_ARC = YES;
				CLANG_WARN_BOOL_CONVERSION = YES;
				CLANG_WARN_CONSTANT_CONVERSION = YES;
				CLANG_WARN_DIRECT_OBJC_ISA_USAGE = YES_ERROR;
				CLANG_WARN_DOCUMENTATION_COMMENTS = YES;
				CLANG_WARN_EMPTY_BODY = YES;
				CLANG_WARN_ENUM_CONVERSION = YES;
				CLANG_WARN_INFINITE_RECURSION = YES;
				CLANG_WARN_INT_CONVERSION = YES;
				CLANG_WARN_OBJC_ROOT_CLASS = YES_ERROR;
				CLANG_WARN_SUSPICIOUS_MOVE = YES;
				CLANG_WARN_UNREACHABLE_CODE = YES;
				CLANG_WARN__DUPLICATE_METHOD_MATCH = YES;
				CODE_SIGN_IDENTITY = "-";
				COPY_PHASE_STRIP = NO;
				DEBUG_INFORMATION_FORMAT = dwarf;
				ENABLE_STRICT_OBJC_MSGSEND = YES;
				ENABLE_TESTABILITY = YES;
				GCC_C_LANGUAGE_STANDARD = gnu99;
				GCC_DYNAMIC_NO_PIC = NO;
				GCC_NO_COMMON_BLOCKS = YES;
				GCC_OPTIMIZATION_LEVEL = 0;
				GCC_PREPROCESSOR_DEFINITIONS = (
					"DEBUG=1",
					"$(inherited)",
				);
				GCC_WARN_64_TO_32_BIT_CONVERSION = YES;
				GCC_WARN_ABOUT_RETURN_TYPE = YES_ERROR;
				GCC_WARN_UNDECLARED_SELECTOR = YES;
				GCC_WARN_UNINITIALIZED_AUTOS = YES_AGGRESSIVE;
				GCC_WARN_UNUSED_FUNCTION = YES;
				GCC_WARN_UNUSED_VARIABLE = YES;
				MACOSX_DEPLOYMENT_TARGET = 10.12;
				MTL_ENABLE_DEBUG_INFO = YES;
				ONLY_ACTIVE_ARCH = YES;
				SDKROOT = macosx;
			};
			name = Debug;
		};
		4975AB1E1EFCA8A5003018B3 /* Release */ = {
			isa = XCBuildConfiguration;
			buildSettings = {
				ALWAYS_SEARCH_USER_PATHS = NO;
				CLANG_ANALYZER_NONNULL = YES;
				CLANG_ANALYZER_NUMBER_OBJECT_CONVERSION = YES_AGGRESSIVE;
				CLANG_CXX_LANGUAGE_STANDARD = "gnu++0x";
				CLANG_CXX_LIBRARY = "libc++";
				CLANG_ENABLE_MODULES = YES;
				CLANG_ENABLE_OBJC_ARC = YES;
				CLANG_WARN_BOOL_CONVERSION = YES;
				CLANG_WARN_CONSTANT_CONVERSION = YES;
				CLANG_WARN_DIRECT_OBJC_ISA_USAGE = YES_ERROR;
				CLANG_WARN_DOCUMENTATION_COMMENTS = YES;
				CLANG_WARN_EMPTY_BODY = YES;
				CLANG_WARN_ENUM_CONVERSION = YES;
				CLANG_WARN_INFINITE_RECURSION = YES;
				CLANG_WARN_INT_CONVERSION = YES;
				CLANG_WARN_OBJC_ROOT_CLASS = YES_ERROR;
				CLANG_WARN_SUSPICIOUS_MOVE = YES;
				CLANG_WARN_UNREACHABLE_CODE = YES;
				CLANG_WARN__DUPLICATE_METHOD_MATCH = YES;
				CODE_SIGN_IDENTITY = "-";
				COPY_PHASE_STRIP = NO;
				DEBUG_INFORMATION_FORMAT = "dwarf-with-dsym";
				ENABLE_NS_ASSERTIONS = NO;
				ENABLE_STRICT_OBJC_MSGSEND = YES;
				GCC_C_LANGUAGE_STANDARD = gnu99;
				GCC_NO_COMMON_BLOCKS = YES;
				GCC_WARN_64_TO_32_BIT_CONVERSION = YES;
				GCC_WARN_ABOUT_RETURN_TYPE = YES_ERROR;
				GCC_WARN_UNDECLARED_SELECTOR = YES;
				GCC_WARN_UNINITIALIZED_AUTOS = YES_AGGRESSIVE;
				GCC_WARN_UNUSED_FUNCTION = YES;
				GCC_WARN_UNUSED_VARIABLE = YES;
				MACOSX_DEPLOYMENT_TARGET = 10.12;
				MTL_ENABLE_DEBUG_INFO = NO;
				SDKROOT = macosx;
			};
			name = Release;
		};
		4975AB201EFCA8A5003018B3 /* Debug */ = {
			isa = XCBuildConfiguration;
			buildSettings = {
				DEVELOPMENT_TEAM = 3L99Q7H8MX;
				PRODUCT_NAME = "$(TARGET_NAME)";
			};
			name = Debug;
		};
		4975AB211EFCA8A5003018B3 /* Release */ = {
			isa = XCBuildConfiguration;
			buildSettings = {
				DEVELOPMENT_TEAM = 3L99Q7H8MX;
				PRODUCT_NAME = "$(TARGET_NAME)";
			};
			name = Release;
		};
/* End XCBuildConfiguration section */

/* Begin XCConfigurationList section */
		4975AB131EFCA8A5003018B3 /* Build configuration list for PBXProject "c练习实例97" */ = {
			isa = XCConfigurationList;
			buildConfigurations = (
				4975AB1D1EFCA8A5003018B3 /* Debug */,
				4975AB1E1EFCA8A5003018B3 /* Release */,
			);
			defaultConfigurationIsVisible = 0;
			defaultConfigurationName = Release;
		};
		4975AB1F1EFCA8A5003018B3 /* Build configuration list for PBXNativeTarget "c练习实例97" */ = {
			isa = XCConfigurationList;
			buildConfigurations = (
				4975AB201EFCA8A5003018B3 /* Debug */,
				4975AB211EFCA8A5003018B3 /* Release */,
			);
			defaultConfigurationIsVisible = 0;
		};
/* End XCConfigurationList section */
	};
	rootObject = 4975AB101EFCA8A5003018B3 /* Project object */;
}
